
Microsoft Visual Studio Solution File, Format Version 12.00
# Visual Studio Version 16
VisualStudioVersion = 16.0.29924.181
MinimumVisualStudioVersion = 10.0.40219.1
Project("{9A19103F-16F7-4668-BE54-9A1E7A4F7556}") = "OtusAHLLab", "OtusAHLLab\OtusAHLLab.csproj", "{EBA38600-06BB-4FE4-BD79-66F07D69BD09}"
EndProject
Global
	GlobalSection(SolutionConfigurationPlatforms) = preSolution
		Debug|Any CPU = Debug|Any CPU
		Release|Any CPU = Release|Any CPU
	EndGlobalSection
	GlobalSection(ProjectConfigurationPlatforms) = postSolution
		{EBA38600-06BB-4FE4-BD79-66F07D69BD09}.Debug|Any CPU.ActiveCfg = Debug|Any CPU
		{EBA38600-06BB-4FE4-BD79-66F07D69BD09}.Debug|Any CPU.Build.0 = Debug|Any CPU
		{EBA38600-06BB-4FE4-BD79-66F07D69BD09}.Release|Any CPU.ActiveCfg = Release|Any CPU
		{EBA38600-06BB-4FE4-BD79-66F07D69BD09}.Release|Any CPU.Build.0 = Release|Any CPU
	EndGlobalSection
	GlobalSection(SolutionProperties) = preSolution
		HideSolutionNode = FALSE
	EndGlobalSection
	GlobalSection(ExtensibilityGlobals) = postSolution
		SolutionGuid = {79D9BBE7-46A8-4543-BB1B-679618CE6706}
	EndGlobalSection
EndGlobal
